// !$*UTF8*$!
{
	archiveVersion = 1;
	classes = {
	};
	objectVersion = 70;
	objects = {

/* Begin PBXBuildFile section */
		D813C45C2E15E88D00264C01 /* LaunchScreen.storyboard in Resources */ = {isa = PBXBuildFile; fileRef = D813C45B2E15E88D00264C01 /* LaunchScreen.storyboard */; };
		D829B7012E1358E00055B789 /* GoogleService-Info.plist in Resources */ = {isa = PBXBuildFile; fileRef = D829B7002E1358E00055B789 /* GoogleService-Info.plist */; };
		D829B7022E1358E00055B789 /* GoogleService-Info.plist in Resources */ = {isa = PBXBuildFile; fileRef = D829B7002E1358E00055B789 /* GoogleService-Info.plist */; };
		D829B7032E1358E00055B789 /* GoogleService-Info.plist in Resources */ = {isa = PBXBuildFile; fileRef = D829B7002E1358E00055B789 /* GoogleService-Info.plist */; };
		D829B7172E1367080055B789 /* GoogleSignIn in Frameworks */ = {isa = PBXBuildFile; productRef = D829B7162E1367080055B789 /* GoogleSignIn */; };
		D829B7192E1367080055B789 /* GoogleSignInSwift in Frameworks */ = {isa = PBXBuildFile; productRef = D829B7182E1367080055B789 /* GoogleSignInSwift */; };
		D87E478F2E2F5E7300097AD4 /* NumberUnitTests.swift in Sources */ = {isa = PBXBuildFile; fileRef = D87E478E2E2F5E7300097AD4 /* NumberUnitTests.swift */; };
		D88DB53F2E0CBA49009FC991 /* Preview Assets.xcassets in Resources */ = {isa = PBXBuildFile; fileRef = D88DB53E2E0CBA49009FC991 /* Preview Assets.xcassets */; };
		D88DB54F2E0CBA4A009FC991 /* hikerstepsTests.swift in Sources */ = {isa = PBXBuildFile; fileRef = D88DB54E2E0CBA4A009FC991 /* hikerstepsTests.swift */; };
		D88DB5592E0CBA4A009FC991 /* hikerstepsUITests.swift in Sources */ = {isa = PBXBuildFile; fileRef = D88DB5582E0CBA4A009FC991 /* hikerstepsUITests.swift */; };
		D88DB55B2E0CBA4A009FC991 /* hikerstepsUITestsLaunchTests.swift in Sources */ = {isa = PBXBuildFile; fileRef = D88DB55A2E0CBA4A009FC991 /* hikerstepsUITestsLaunchTests.swift */; };
		D8C8D4282E1293A800E6714F /* FirebaseAuth in Frameworks */ = {isa = PBXBuildFile; productRef = D8C8D4272E1293A800E6714F /* FirebaseAuth */; };
		D8C8D42A2E1293A800E6714F /* FirebaseCore in Frameworks */ = {isa = PBXBuildFile; productRef = D8C8D4292E1293A800E6714F /* FirebaseCore */; };
		D8C8D42C2E1293A800E6714F /* FirebaseFirestore in Frameworks */ = {isa = PBXBuildFile; productRef = D8C8D42B2E1293A800E6714F /* FirebaseFirestore */; };
		D8C8D42E2E1293A800E6714F /* FirebaseStorage in Frameworks */ = {isa = PBXBuildFile; productRef = D8C8D42D2E1293A800E6714F /* FirebaseStorage */; };
		D8ED7DCD2E2C3807009CC070 /* ServiceTests.swift in Sources */ = {isa = PBXBuildFile; fileRef = D8ED7DCC2E2C3807009CC070 /* ServiceTests.swift */; };
		D8F28B8C2E16726C00A10266 /* ModelDecodingTests.swift in Sources */ = {isa = PBXBuildFile; fileRef = D8F28B8B2E16726C00A10266 /* ModelDecodingTests.swift */; };
		D8FCA8A52E19C89F00736B49 /* MapboxMaps in Frameworks */ = {isa = PBXBuildFile; productRef = D8FCA8A42E19C89F00736B49 /* MapboxMaps */; };
/* End PBXBuildFile section */

/* Begin PBXContainerItemProxy section */
		D88DB54B2E0CBA4A009FC991 /* PBXContainerItemProxy */ = {
			isa = PBXContainerItemProxy;
			containerPortal = D88DB52C2E0CBA47009FC991 /* Project object */;
			proxyType = 1;
			remoteGlobalIDString = D88DB5332E0CBA47009FC991;
			remoteInfo = hikersteps;
		};
		D88DB5552E0CBA4A009FC991 /* PBXContainerItemProxy */ = {
			isa = PBXContainerItemProxy;
			containerPortal = D88DB52C2E0CBA47009FC991 /* Project object */;
			proxyType = 1;
			remoteGlobalIDString = D88DB5332E0CBA47009FC991;
			remoteInfo = hikersteps;
		};
/* End PBXContainerItemProxy section */

/* Begin PBXFileReference section */
		D813C45B2E15E88D00264C01 /* LaunchScreen.storyboard */ = {isa = PBXFileReference; lastKnownFileType = file.storyboard; path = LaunchScreen.storyboard; sourceTree = "<group>"; };
		D829B7002E1358E00055B789 /* GoogleService-Info.plist */ = {isa = PBXFileReference; lastKnownFileType = text.plist.xml; path = "GoogleService-Info.plist"; sourceTree = "<group>"; };
		D87E478E2E2F5E7300097AD4 /* NumberUnitTests.swift */ = {isa = PBXFileReference; lastKnownFileType = sourcecode.swift; path = NumberUnitTests.swift; sourceTree = "<group>"; };
		D88DB5342E0CBA47009FC991 /* hikersteps.app */ = {isa = PBXFileReference; explicitFileType = wrapper.application; includeInIndex = 0; path = hikersteps.app; sourceTree = BUILT_PRODUCTS_DIR; };
		D88DB53E2E0CBA49009FC991 /* Preview Assets.xcassets */ = {isa = PBXFileReference; lastKnownFileType = folder.assetcatalog; path = "Preview Assets.xcassets"; sourceTree = "<group>"; };
		D88DB5452E0CBA49009FC991 /* Info.plist */ = {isa = PBXFileReference; lastKnownFileType = text.plist.xml; path = Info.plist; sourceTree = "<group>"; };
		D88DB54A2E0CBA4A009FC991 /* hikerstepsTests.xctest */ = {isa = PBXFileReference; explicitFileType = wrapper.cfbundle; includeInIndex = 0; path = hikerstepsTests.xctest; sourceTree = BUILT_PRODUCTS_DIR; };
		D88DB54E2E0CBA4A009FC991 /* hikerstepsTests.swift */ = {isa = PBXFileReference; lastKnownFileType = sourcecode.swift; path = hikerstepsTests.swift; sourceTree = "<group>"; };
		D88DB5542E0CBA4A009FC991 /* hikerstepsUITests.xctest */ = {isa = PBXFileReference; explicitFileType = wrapper.cfbundle; includeInIndex = 0; path = hikerstepsUITests.xctest; sourceTree = BUILT_PRODUCTS_DIR; };
		D88DB5582E0CBA4A009FC991 /* hikerstepsUITests.swift */ = {isa = PBXFileReference; lastKnownFileType = sourcecode.swift; path = hikerstepsUITests.swift; sourceTree = "<group>"; };
		D88DB55A2E0CBA4A009FC991 /* hikerstepsUITestsLaunchTests.swift */ = {isa = PBXFileReference; lastKnownFileType = sourcecode.swift; path = hikerstepsUITestsLaunchTests.swift; sourceTree = "<group>"; };
		D8ED7DCC2E2C3807009CC070 /* ServiceTests.swift */ = {isa = PBXFileReference; lastKnownFileType = sourcecode.swift; path = ServiceTests.swift; sourceTree = "<group>"; };
		D8F28B8B2E16726C00A10266 /* ModelDecodingTests.swift */ = {isa = PBXFileReference; lastKnownFileType = sourcecode.swift; path = ModelDecodingTests.swift; sourceTree = "<group>"; };
/* End PBXFileReference section */

/* Begin PBXFileSystemSynchronizedRootGroup section */
		D829B71F2E13DCE40055B789 /* Core */ = {isa = PBXFileSystemSynchronizedRootGroup; explicitFileTypes = {}; explicitFolders = (); path = Core; sourceTree = "<group>"; };
		D829B7262E13DD190055B789 /* Features */ = {isa = PBXFileSystemSynchronizedRootGroup; explicitFileTypes = {}; explicitFolders = (); path = Features; sourceTree = "<group>"; };
		D829B72F2E13DE9D0055B789 /* App */ = {isa = PBXFileSystemSynchronizedRootGroup; explicitFileTypes = {}; explicitFolders = (); path = App; sourceTree = "<group>"; };
		D829B7312E13E0BC0055B789 /* Resources */ = {isa = PBXFileSystemSynchronizedRootGroup; explicitFileTypes = {}; explicitFolders = (); path = Resources; sourceTree = "<group>"; };
/* End PBXFileSystemSynchronizedRootGroup section */

/* Begin PBXFrameworksBuildPhase section */
		D88DB5312E0CBA47009FC991 /* Frameworks */ = {
			isa = PBXFrameworksBuildPhase;
			buildActionMask = 2147483647;
			files = (
				D829B7172E1367080055B789 /* GoogleSignIn in Frameworks */,
				D8C8D42A2E1293A800E6714F /* FirebaseCore in Frameworks */,
				D8C8D42E2E1293A800E6714F /* FirebaseStorage in Frameworks */,
				D829B7192E1367080055B789 /* GoogleSignInSwift in Frameworks */,
				D8C8D4282E1293A800E6714F /* FirebaseAuth in Frameworks */,
				D8FCA8A52E19C89F00736B49 /* MapboxMaps in Frameworks */,
				D8C8D42C2E1293A800E6714F /* FirebaseFirestore in Frameworks */,
			);
			runOnlyForDeploymentPostprocessing = 0;
		};
		D88DB5472E0CBA4A009FC991 /* Frameworks */ = {
			isa = PBXFrameworksBuildPhase;
			buildActionMask = 2147483647;
			files = (
			);
			runOnlyForDeploymentPostprocessing = 0;
		};
		D88DB5512E0CBA4A009FC991 /* Frameworks */ = {
			isa = PBXFrameworksBuildPhase;
			buildActionMask = 2147483647;
			files = (
			);
			runOnlyForDeploymentPostprocessing = 0;
		};
/* End PBXFrameworksBuildPhase section */

/* Begin PBXGroup section */
		D88DB52B2E0CBA47009FC991 = {
			isa = PBXGroup;
			children = (
				D88DB5362E0CBA47009FC991 /* hikersteps */,
				D88DB54D2E0CBA4A009FC991 /* hikerstepsTests */,
				D88DB5572E0CBA4A009FC991 /* hikerstepsUITests */,
				D88DB5352E0CBA47009FC991 /* Products */,
			);
			sourceTree = "<group>";
		};
		D88DB5352E0CBA47009FC991 /* Products */ = {
			isa = PBXGroup;
			children = (
				D88DB5342E0CBA47009FC991 /* hikersteps.app */,
				D88DB54A2E0CBA4A009FC991 /* hikerstepsTests.xctest */,
				D88DB5542E0CBA4A009FC991 /* hikerstepsUITests.xctest */,
			);
			name = Products;
			sourceTree = "<group>";
		};
		D88DB5362E0CBA47009FC991 /* hikersteps */ = {
			isa = PBXGroup;
			children = (
				D829B7312E13E0BC0055B789 /* Resources */,
				D829B72F2E13DE9D0055B789 /* App */,
				D829B7262E13DD190055B789 /* Features */,
				D829B71F2E13DCE40055B789 /* Core */,
				D829B7002E1358E00055B789 /* GoogleService-Info.plist */,
				D88DB5452E0CBA49009FC991 /* Info.plist */,
				D88DB53D2E0CBA49009FC991 /* Preview Content */,
				D813C45B2E15E88D00264C01 /* LaunchScreen.storyboard */,
			);
			path = hikersteps;
			sourceTree = "<group>";
		};
		D88DB53D2E0CBA49009FC991 /* Preview Content */ = {
			isa = PBXGroup;
			children = (
				D88DB53E2E0CBA49009FC991 /* Preview Assets.xcassets */,
			);
			path = "Preview Content";
			sourceTree = "<group>";
		};
		D88DB54D2E0CBA4A009FC991 /* hikerstepsTests */ = {
			isa = PBXGroup;
			children = (
				D88DB54E2E0CBA4A009FC991 /* hikerstepsTests.swift */,
				D8F28B8B2E16726C00A10266 /* ModelDecodingTests.swift */,
				D8ED7DCC2E2C3807009CC070 /* ServiceTests.swift */,
				D87E478E2E2F5E7300097AD4 /* NumberUnitTests.swift */,
			);
			path = hikerstepsTests;
			sourceTree = "<group>";
		};
		D88DB5572E0CBA4A009FC991 /* hikerstepsUITests */ = {
			isa = PBXGroup;
			children = (
				D88DB5582E0CBA4A009FC991 /* hikerstepsUITests.swift */,
				D88DB55A2E0CBA4A009FC991 /* hikerstepsUITestsLaunchTests.swift */,
			);
			path = hikerstepsUITests;
			sourceTree = "<group>";
		};
/* End PBXGroup section */

/* Begin PBXNativeTarget section */
		D88DB5332E0CBA47009FC991 /* hikersteps */ = {
			isa = PBXNativeTarget;
			buildConfigurationList = D88DB55E2E0CBA4A009FC991 /* Build configuration list for PBXNativeTarget "hikersteps" */;
			buildPhases = (
				D88DB5302E0CBA47009FC991 /* Sources */,
				D88DB5312E0CBA47009FC991 /* Frameworks */,
				D88DB5322E0CBA47009FC991 /* Resources */,
			);
			buildRules = (
			);
			dependencies = (
			);
			fileSystemSynchronizedGroups = (
				D829B71F2E13DCE40055B789 /* Core */,
				D829B7262E13DD190055B789 /* Features */,
				D829B72F2E13DE9D0055B789 /* App */,
				D829B7312E13E0BC0055B789 /* Resources */,
			);
			name = hikersteps;
			productName = hikersteps;
			productReference = D88DB5342E0CBA47009FC991 /* hikersteps.app */;
			productType = "com.apple.product-type.application";
		};
		D88DB5492E0CBA4A009FC991 /* hikerstepsTests */ = {
			isa = PBXNativeTarget;
			buildConfigurationList = D88DB5612E0CBA4A009FC991 /* Build configuration list for PBXNativeTarget "hikerstepsTests" */;
			buildPhases = (
				D88DB5462E0CBA4A009FC991 /* Sources */,
				D88DB5472E0CBA4A009FC991 /* Frameworks */,
				D88DB5482E0CBA4A009FC991 /* Resources */,
			);
			buildRules = (
			);
			dependencies = (
				D88DB54C2E0CBA4A009FC991 /* PBXTargetDependency */,
			);
			name = hikerstepsTests;
			productName = hikerstepsTests;
			productReference = D88DB54A2E0CBA4A009FC991 /* hikerstepsTests.xctest */;
			productType = "com.apple.product-type.bundle.unit-test";
		};
		D88DB5532E0CBA4A009FC991 /* hikerstepsUITests */ = {
			isa = PBXNativeTarget;
			buildConfigurationList = D88DB5642E0CBA4A009FC991 /* Build configuration list for PBXNativeTarget "hikerstepsUITests" */;
			buildPhases = (
				D88DB5502E0CBA4A009FC991 /* Sources */,
				D88DB5512E0CBA4A009FC991 /* Frameworks */,
				D88DB5522E0CBA4A009FC991 /* Resources */,
			);
			buildRules = (
			);
			dependencies = (
				D88DB5562E0CBA4A009FC991 /* PBXTargetDependency */,
			);
			name = hikerstepsUITests;
			productName = hikerstepsUITests;
			productReference = D88DB5542E0CBA4A009FC991 /* hikerstepsUITests.xctest */;
			productType = "com.apple.product-type.bundle.ui-testing";
		};
/* End PBXNativeTarget section */

/* Begin PBXProject section */
		D88DB52C2E0CBA47009FC991 /* Project object */ = {
			isa = PBXProject;
			attributes = {
				BuildIndependentTargetsInParallel = 1;
				LastSwiftUpdateCheck = 1430;
				LastUpgradeCheck = 1640;
				TargetAttributes = {
					D88DB5332E0CBA47009FC991 = {
						CreatedOnToolsVersion = 14.3.1;
					};
					D88DB5492E0CBA4A009FC991 = {
						CreatedOnToolsVersion = 14.3.1;
						TestTargetID = D88DB5332E0CBA47009FC991;
					};
					D88DB5532E0CBA4A009FC991 = {
						CreatedOnToolsVersion = 14.3.1;
						TestTargetID = D88DB5332E0CBA47009FC991;
					};
				};
			};
			buildConfigurationList = D88DB52F2E0CBA47009FC991 /* Build configuration list for PBXProject "hikersteps" */;
			compatibilityVersion = "Xcode 14.0";
			developmentRegion = en;
			hasScannedForEncodings = 0;
			knownRegions = (
				en,
				Base,
			);
			mainGroup = D88DB52B2E0CBA47009FC991;
			packageReferences = (
				D8C8D4262E1293A800E6714F /* XCRemoteSwiftPackageReference "firebase-ios-sdk" */,
				D829B7152E1367080055B789 /* XCRemoteSwiftPackageReference "GoogleSignIn-iOS" */,
				D8FCA8A32E19C89F00736B49 /* XCRemoteSwiftPackageReference "mapbox-maps-ios" */,
			);
			productRefGroup = D88DB5352E0CBA47009FC991 /* Products */;
			projectDirPath = "";
			projectRoot = "";
			targets = (
				D88DB5332E0CBA47009FC991 /* hikersteps */,
				D88DB5492E0CBA4A009FC991 /* hikerstepsTests */,
				D88DB5532E0CBA4A009FC991 /* hikerstepsUITests */,
			);
		};
/* End PBXProject section */

/* Begin PBXResourcesBuildPhase section */
		D88DB5322E0CBA47009FC991 /* Resources */ = {
			isa = PBXResourcesBuildPhase;
			buildActionMask = 2147483647;
			files = (
				D88DB53F2E0CBA49009FC991 /* Preview Assets.xcassets in Resources */,
				D813C45C2E15E88D00264C01 /* LaunchScreen.storyboard in Resources */,
				D829B7032E1358E00055B789 /* GoogleService-Info.plist in Resources */,
			);
			runOnlyForDeploymentPostprocessing = 0;
		};
		D88DB5482E0CBA4A009FC991 /* Resources */ = {
			isa = PBXResourcesBuildPhase;
			buildActionMask = 2147483647;
			files = (
				D829B7022E1358E00055B789 /* GoogleService-Info.plist in Resources */,
			);
			runOnlyForDeploymentPostprocessing = 0;
		};
		D88DB5522E0CBA4A009FC991 /* Resources */ = {
			isa = PBXResourcesBuildPhase;
			buildActionMask = 2147483647;
			files = (
				D829B7012E1358E00055B789 /* GoogleService-Info.plist in Resources */,
			);
			runOnlyForDeploymentPostprocessing = 0;
		};
/* End PBXResourcesBuildPhase section */

/* Begin PBXSourcesBuildPhase section */
		D88DB5302E0CBA47009FC991 /* Sources */ = {
			isa = PBXSourcesBuildPhase;
			buildActionMask = 2147483647;
			files = (
			);
			runOnlyForDeploymentPostprocessing = 0;
		};
		D88DB5462E0CBA4A009FC991 /* Sources */ = {
			isa = PBXSourcesBuildPhase;
			buildActionMask = 2147483647;
			files = (
				D87E478F2E2F5E7300097AD4 /* NumberUnitTests.swift in Sources */,
				D8F28B8C2E16726C00A10266 /* ModelDecodingTests.swift in Sources */,
				D8ED7DCD2E2C3807009CC070 /* ServiceTests.swift in Sources */,
				D88DB54F2E0CBA4A009FC991 /* hikerstepsTests.swift in Sources */,
			);
			runOnlyForDeploymentPostprocessing = 0;
		};
		D88DB5502E0CBA4A009FC991 /* Sources */ = {
			isa = PBXSourcesBuildPhase;
			buildActionMask = 2147483647;
			files = (
				D88DB55B2E0CBA4A009FC991 /* hikerstepsUITestsLaunchTests.swift in Sources */,
				D88DB5592E0CBA4A009FC991 /* hikerstepsUITests.swift in Sources */,
			);
			runOnlyForDeploymentPostprocessing = 0;
		};
/* End PBXSourcesBuildPhase section */

/* Begin PBXTargetDependency section */
		D88DB54C2E0CBA4A009FC991 /* PBXTargetDependency */ = {
			isa = PBXTargetDependency;
			target = D88DB5332E0CBA47009FC991 /* hikersteps */;
			targetProxy = D88DB54B2E0CBA4A009FC991 /* PBXContainerItemProxy */;
		};
		D88DB5562E0CBA4A009FC991 /* PBXTargetDependency */ = {
			isa = PBXTargetDependency;
			target = D88DB5332E0CBA47009FC991 /* hikersteps */;
			targetProxy = D88DB5552E0CBA4A009FC991 /* PBXContainerItemProxy */;
		};
/* End PBXTargetDependency section */

/* Begin XCBuildConfiguration section */
		D88DB55C2E0CBA4A009FC991 /* Debug */ = {
			isa = XCBuildConfiguration;
			buildSettings = {
				ALWAYS_SEARCH_USER_PATHS = NO;
				CLANG_ANALYZER_NONNULL = YES;
				CLANG_ANALYZER_NUMBER_OBJECT_CONVERSION = YES_AGGRESSIVE;
				CLANG_CXX_LANGUAGE_STANDARD = "gnu++20";
				CLANG_ENABLE_MODULES = YES;
				CLANG_ENABLE_OBJC_ARC = YES;
				CLANG_ENABLE_OBJC_WEAK = YES;
				CLANG_WARN_BLOCK_CAPTURE_AUTORELEASING = YES;
				CLANG_WARN_BOOL_CONVERSION = YES;
				CLANG_WARN_COMMA = YES;
				CLANG_WARN_CONSTANT_CONVERSION = YES;
				CLANG_WARN_DEPRECATED_OBJC_IMPLEMENTATIONS = YES;
				CLANG_WARN_DIRECT_OBJC_ISA_USAGE = YES_ERROR;
				CLANG_WARN_DOCUMENTATION_COMMENTS = YES;
				CLANG_WARN_EMPTY_BODY = YES;
				CLANG_WARN_ENUM_CONVERSION = YES;
				CLANG_WARN_INFINITE_RECURSION = YES;
				CLANG_WARN_INT_CONVERSION = YES;
				CLANG_WARN_NON_LITERAL_NULL_CONVERSION = YES;
				CLANG_WARN_OBJC_IMPLICIT_RETAIN_SELF = YES;
				CLANG_WARN_OBJC_LITERAL_CONVERSION = YES;
				CLANG_WARN_OBJC_ROOT_CLASS = YES_ERROR;
				CLANG_WARN_QUOTED_INCLUDE_IN_FRAMEWORK_HEADER = YES;
				CLANG_WARN_RANGE_LOOP_ANALYSIS = YES;
				CLANG_WARN_STRICT_PROTOTYPES = YES;
				CLANG_WARN_SUSPICIOUS_MOVE = YES;
				CLANG_WARN_UNGUARDED_AVAILABILITY = YES_AGGRESSIVE;
				CLANG_WARN_UNREACHABLE_CODE = YES;
				CLANG_WARN__DUPLICATE_METHOD_MATCH = YES;
				COPY_PHASE_STRIP = NO;
				DEBUG_INFORMATION_FORMAT = dwarf;
				DEVELOPMENT_TEAM = 2DTZ6ESMX9;
				ENABLE_STRICT_OBJC_MSGSEND = YES;
				ENABLE_TESTABILITY = YES;
				ENABLE_USER_SCRIPT_SANDBOXING = YES;
				GCC_C_LANGUAGE_STANDARD = gnu11;
				GCC_DYNAMIC_NO_PIC = NO;
				GCC_NO_COMMON_BLOCKS = YES;
				GCC_OPTIMIZATION_LEVEL = 0;
				GCC_PREPROCESSOR_DEFINITIONS = (
					"DEBUG=1",
					"$(inherited)",
				);
				GCC_WARN_64_TO_32_BIT_CONVERSION = YES;
				GCC_WARN_ABOUT_RETURN_TYPE = YES_ERROR;
				GCC_WARN_UNDECLARED_SELECTOR = YES;
				GCC_WARN_UNINITIALIZED_AUTOS = YES_AGGRESSIVE;
				GCC_WARN_UNUSED_FUNCTION = YES;
				GCC_WARN_UNUSED_VARIABLE = YES;
				INFOPLIST_KEY_UILaunchScreen_Generation = NO;
				INFOPLIST_KEY_UILaunchStoryboardName = "";
				IPHONEOS_DEPLOYMENT_TARGET = 16.4;
				MTL_ENABLE_DEBUG_INFO = INCLUDE_SOURCE;
				MTL_FAST_MATH = YES;
				ONLY_ACTIVE_ARCH = YES;
				SDKROOT = iphoneos;
				SWIFT_ACTIVE_COMPILATION_CONDITIONS = DEBUG;
				SWIFT_OPTIMIZATION_LEVEL = "-Onone";
			};
			name = Debug;
		};
		D88DB55D2E0CBA4A009FC991 /* Release */ = {
			isa = XCBuildConfiguration;
			buildSettings = {
				ALWAYS_SEARCH_USER_PATHS = NO;
				CLANG_ANALYZER_NONNULL = YES;
				CLANG_ANALYZER_NUMBER_OBJECT_CONVERSION = YES_AGGRESSIVE;
				CLANG_CXX_LANGUAGE_STANDARD = "gnu++20";
				CLANG_ENABLE_MODULES = YES;
				CLANG_ENABLE_OBJC_ARC = YES;
				CLANG_ENABLE_OBJC_WEAK = YES;
				CLANG_WARN_BLOCK_CAPTURE_AUTORELEASING = YES;
				CLANG_WARN_BOOL_CONVERSION = YES;
				CLANG_WARN_COMMA = YES;
				CLANG_WARN_CONSTANT_CONVERSION = YES;
				CLANG_WARN_DEPRECATED_OBJC_IMPLEMENTATIONS = YES;
				CLANG_WARN_DIRECT_OBJC_ISA_USAGE = YES_ERROR;
				CLANG_WARN_DOCUMENTATION_COMMENTS = YES;
				CLANG_WARN_EMPTY_BODY = YES;
				CLANG_WARN_ENUM_CONVERSION = YES;
				CLANG_WARN_INFINITE_RECURSION = YES;
				CLANG_WARN_INT_CONVERSION = YES;
				CLANG_WARN_NON_LITERAL_NULL_CONVERSION = YES;
				CLANG_WARN_OBJC_IMPLICIT_RETAIN_SELF = YES;
				CLANG_WARN_OBJC_LITERAL_CONVERSION = YES;
				CLANG_WARN_OBJC_ROOT_CLASS = YES_ERROR;
				CLANG_WARN_QUOTED_INCLUDE_IN_FRAMEWORK_HEADER = YES;
				CLANG_WARN_RANGE_LOOP_ANALYSIS = YES;
				CLANG_WARN_STRICT_PROTOTYPES = YES;
				CLANG_WARN_SUSPICIOUS_MOVE = YES;
				CLANG_WARN_UNGUARDED_AVAILABILITY = YES_AGGRESSIVE;
				CLANG_WARN_UNREACHABLE_CODE = YES;
				CLANG_WARN__DUPLICATE_METHOD_MATCH = YES;
				COPY_PHASE_STRIP = NO;
				DEBUG_INFORMATION_FORMAT = "dwarf-with-dsym";
				DEVELOPMENT_TEAM = 2DTZ6ESMX9;
				ENABLE_NS_ASSERTIONS = NO;
				ENABLE_STRICT_OBJC_MSGSEND = YES;
				ENABLE_USER_SCRIPT_SANDBOXING = YES;
				GCC_C_LANGUAGE_STANDARD = gnu11;
				GCC_NO_COMMON_BLOCKS = YES;
				GCC_WARN_64_TO_32_BIT_CONVERSION = YES;
				GCC_WARN_ABOUT_RETURN_TYPE = YES_ERROR;
				GCC_WARN_UNDECLARED_SELECTOR = YES;
				GCC_WARN_UNINITIALIZED_AUTOS = YES_AGGRESSIVE;
				GCC_WARN_UNUSED_FUNCTION = YES;
				GCC_WARN_UNUSED_VARIABLE = YES;
				INFOPLIST_KEY_UILaunchScreen_Generation = NO;
				INFOPLIST_KEY_UILaunchStoryboardName = "";
				IPHONEOS_DEPLOYMENT_TARGET = 16.4;
				MTL_ENABLE_DEBUG_INFO = NO;
				MTL_FAST_MATH = YES;
				SDKROOT = iphoneos;
				SWIFT_COMPILATION_MODE = wholemodule;
				SWIFT_OPTIMIZATION_LEVEL = "-O";
				VALIDATE_PRODUCT = YES;
			};
			name = Release;
		};
		D88DB55F2E0CBA4A009FC991 /* Debug */ = {
			isa = XCBuildConfiguration;
			buildSettings = {
				ASSETCATALOG_COMPILER_APPICON_NAME = AppIcon;
				ASSETCATALOG_COMPILER_GLOBAL_ACCENT_COLOR_NAME = AccentColor;
				CODE_SIGN_STYLE = Automatic;
				CURRENT_PROJECT_VERSION = 1;
				DEVELOPMENT_ASSET_PATHS = "\"hikersteps/Preview Content\"";
				DEVELOPMENT_TEAM = 2DTZ6ESMX9;
				ENABLE_PREVIEWS = YES;
				GENERATE_INFOPLIST_FILE = YES;
				INFOPLIST_FILE = hikersteps/Info.plist;
				INFOPLIST_KEY_CFBundleDisplayName = "";
				INFOPLIST_KEY_LSApplicationCategoryType = "";
				INFOPLIST_KEY_NSLocationWhenInUseUsageDescription = "Your precise location is used to calculate turn-by-turn directions, show your location on the map, and help improve the map.";
				INFOPLIST_KEY_UIApplicationSceneManifest_Generation = YES;
				INFOPLIST_KEY_UIApplicationSupportsIndirectInputEvents = YES;
				INFOPLIST_KEY_UILaunchScreen_Generation = YES;
				INFOPLIST_KEY_UILaunchStoryboardName = LaunchScreen;
				INFOPLIST_KEY_UISupportedInterfaceOrientations_iPad = "UIInterfaceOrientationPortrait UIInterfaceOrientationPortraitUpsideDown UIInterfaceOrientationLandscapeLeft UIInterfaceOrientationLandscapeRight";
				INFOPLIST_KEY_UISupportedInterfaceOrientations_iPhone = "UIInterfaceOrientationPortrait UIInterfaceOrientationLandscapeLeft UIInterfaceOrientationLandscapeRight";
				IPHONEOS_DEPLOYMENT_TARGET = 18.0;
				LD_RUNPATH_SEARCH_PATHS = (
					"$(inherited)",
					"@executable_path/Frameworks",
				);
				MARKETING_VERSION = 1.0;
				PRODUCT_BUNDLE_IDENTIFIER = andrewtokeley.hikersteps;
				PRODUCT_NAME = "$(TARGET_NAME)";
				SWIFT_EMIT_LOC_STRINGS = YES;
				SWIFT_VERSION = 5.0;
				TARGETED_DEVICE_FAMILY = "1,2";
			};
			name = Debug;
		};
		D88DB5602E0CBA4A009FC991 /* Release */ = {
			isa = XCBuildConfiguration;
			buildSettings = {
				ASSETCATALOG_COMPILER_APPICON_NAME = AppIcon;
				ASSETCATALOG_COMPILER_GLOBAL_ACCENT_COLOR_NAME = AccentColor;
				CODE_SIGN_STYLE = Automatic;
				CURRENT_PROJECT_VERSION = 1;
				DEVELOPMENT_ASSET_PATHS = "\"hikersteps/Preview Content\"";
				DEVELOPMENT_TEAM = 2DTZ6ESMX9;
				ENABLE_PREVIEWS = YES;
				GENERATE_INFOPLIST_FILE = YES;
				INFOPLIST_FILE = hikersteps/Info.plist;
				INFOPLIST_KEY_CFBundleDisplayName = "";
				INFOPLIST_KEY_LSApplicationCategoryType = "";
				INFOPLIST_KEY_NSLocationWhenInUseUsageDescription = "Your precise location is used to calculate turn-by-turn directions, show your location on the map, and help improve the map.";
				INFOPLIST_KEY_UIApplicationSceneManifest_Generation = YES;
				INFOPLIST_KEY_UIApplicationSupportsIndirectInputEvents = YES;
				INFOPLIST_KEY_UILaunchScreen_Generation = YES;
				INFOPLIST_KEY_UILaunchStoryboardName = LaunchScreen;
				INFOPLIST_KEY_UISupportedInterfaceOrientations_iPad = "UIInterfaceOrientationPortrait UIInterfaceOrientationPortraitUpsideDown UIInterfaceOrientationLandscapeLeft UIInterfaceOrientationLandscapeRight";
				INFOPLIST_KEY_UISupportedInterfaceOrientations_iPhone = "UIInterfaceOrientationPortrait UIInterfaceOrientationLandscapeLeft UIInterfaceOrientationLandscapeRight";
				IPHONEOS_DEPLOYMENT_TARGET = 18.0;
				LD_RUNPATH_SEARCH_PATHS = (
					"$(inherited)",
					"@executable_path/Frameworks",
				);
				MARKETING_VERSION = 1.0;
				PRODUCT_BUNDLE_IDENTIFIER = andrewtokeley.hikersteps;
				PRODUCT_NAME = "$(TARGET_NAME)";
				SWIFT_EMIT_LOC_STRINGS = YES;
				SWIFT_VERSION = 5.0;
				TARGETED_DEVICE_FAMILY = "1,2";
			};
			name = Release;
		};
		D88DB5622E0CBA4A009FC991 /* Debug */ = {
			isa = XCBuildConfiguration;
			buildSettings = {
				BUNDLE_LOADER = "$(TEST_HOST)";
				CODE_SIGN_STYLE = Automatic;
				CURRENT_PROJECT_VERSION = 1;
				GENERATE_INFOPLIST_FILE = YES;
				IPHONEOS_DEPLOYMENT_TARGET = 18.0;
				MARKETING_VERSION = 1.0;
				PRODUCT_BUNDLE_IDENTIFIER = andrewtokeley.hikerstepsTests;
				PRODUCT_NAME = "$(TARGET_NAME)";
				SWIFT_EMIT_LOC_STRINGS = NO;
				SWIFT_VERSION = 5.0;
				TARGETED_DEVICE_FAMILY = "1,2";
				TEST_HOST = "$(BUILT_PRODUCTS_DIR)/hikersteps.app/$(BUNDLE_EXECUTABLE_FOLDER_PATH)/hikersteps";
			};
			name = Debug;
		};
		D88DB5632E0CBA4A009FC991 /* Release */ = {
			isa = XCBuildConfiguration;
			buildSettings = {
				BUNDLE_LOADER = "$(TEST_HOST)";
				CODE_SIGN_STYLE = Automatic;
				CURRENT_PROJECT_VERSION = 1;
				GENERATE_INFOPLIST_FILE = YES;
				IPHONEOS_DEPLOYMENT_TARGET = 18.0;
				MARKETING_VERSION = 1.0;
				PRODUCT_BUNDLE_IDENTIFIER = andrewtokeley.hikerstepsTests;
				PRODUCT_NAME = "$(TARGET_NAME)";
				SWIFT_EMIT_LOC_STRINGS = NO;
				SWIFT_VERSION = 5.0;
				TARGETED_DEVICE_FAMILY = "1,2";
				TEST_HOST = "$(BUILT_PRODUCTS_DIR)/hikersteps.app/$(BUNDLE_EXECUTABLE_FOLDER_PATH)/hikersteps";
			};
			name = Release;
		};
		D88DB5652E0CBA4A009FC991 /* Debug */ = {
			isa = XCBuildConfiguration;
			buildSettings = {
				CODE_SIGN_STYLE = Automatic;
				CURRENT_PROJECT_VERSION = 1;
				GENERATE_INFOPLIST_FILE = YES;
				MARKETING_VERSION = 1.0;
				PRODUCT_BUNDLE_IDENTIFIER = andrewtokeley.hikerstepsUITests;
				PRODUCT_NAME = "$(TARGET_NAME)";
				SWIFT_EMIT_LOC_STRINGS = NO;
				SWIFT_VERSION = 5.0;
				TARGETED_DEVICE_FAMILY = "1,2";
				TEST_TARGET_NAME = hikersteps;
			};
			name = Debug;
		};
		D88DB5662E0CBA4A009FC991 /* Release */ = {
			isa = XCBuildConfiguration;
			buildSettings = {
				CODE_SIGN_STYLE = Automatic;
				CURRENT_PROJECT_VERSION = 1;
				GENERATE_INFOPLIST_FILE = YES;
				MARKETING_VERSION = 1.0;
				PRODUCT_BUNDLE_IDENTIFIER = andrewtokeley.hikerstepsUITests;
				PRODUCT_NAME = "$(TARGET_NAME)";
				SWIFT_EMIT_LOC_STRINGS = NO;
				SWIFT_VERSION = 5.0;
				TARGETED_DEVICE_FAMILY = "1,2";
				TEST_TARGET_NAME = hikersteps;
			};
			name = Release;
		};
/* End XCBuildConfiguration section */

/* Begin XCConfigurationList section */
		D88DB52F2E0CBA47009FC991 /* Build configuration list for PBXProject "hikersteps" */ = {
			isa = XCConfigurationList;
			buildConfigurations = (
				D88DB55C2E0CBA4A009FC991 /* Debug */,
				D88DB55D2E0CBA4A009FC991 /* Release */,
			);
			defaultConfigurationIsVisible = 0;
			defaultConfigurationName = Release;
		};
		D88DB55E2E0CBA4A009FC991 /* Build configuration list for PBXNativeTarget "hikersteps" */ = {
			isa = XCConfigurationList;
			buildConfigurations = (
				D88DB55F2E0CBA4A009FC991 /* Debug */,
				D88DB5602E0CBA4A009FC991 /* Release */,
			);
			defaultConfigurationIsVisible = 0;
			defaultConfigurationName = Release;
		};
		D88DB5612E0CBA4A009FC991 /* Build configuration list for PBXNativeTarget "hikerstepsTests" */ = {
			isa = XCConfigurationList;
			buildConfigurations = (
				D88DB5622E0CBA4A009FC991 /* Debug */,
				D88DB5632E0CBA4A009FC991 /* Release */,
			);
			defaultConfigurationIsVisible = 0;
			defaultConfigurationName = Release;
		};
		D88DB5642E0CBA4A009FC991 /* Build configuration list for PBXNativeTarget "hikerstepsUITests" */ = {
			isa = XCConfigurationList;
			buildConfigurations = (
				D88DB5652E0CBA4A009FC991 /* Debug */,
				D88DB5662E0CBA4A009FC991 /* Release */,
			);
			defaultConfigurationIsVisible = 0;
			defaultConfigurationName = Release;
		};
/* End XCConfigurationList section */

/* Begin XCRemoteSwiftPackageReference section */
		D829B7152E1367080055B789 /* XCRemoteSwiftPackageReference "GoogleSignIn-iOS" */ = {
			isa = XCRemoteSwiftPackageReference;
			repositoryURL = "https://github.com/google/GoogleSignIn-iOS";
			requirement = {
				kind = upToNextMajorVersion;
				minimumVersion = 8.0.0;
			};
		};
		D8C8D4262E1293A800E6714F /* XCRemoteSwiftPackageReference "firebase-ios-sdk" */ = {
			isa = XCRemoteSwiftPackageReference;
			repositoryURL = "https://github.com/firebase/firebase-ios-sdk";
			requirement = {
				kind = upToNextMajorVersion;
				minimumVersion = 11.15.0;
			};
		};
		D8FCA8A32E19C89F00736B49 /* XCRemoteSwiftPackageReference "mapbox-maps-ios" */ = {
			isa = XCRemoteSwiftPackageReference;
			repositoryURL = "https://github.com/mapbox/mapbox-maps-ios.git";
			requirement = {
				kind = upToNextMajorVersion;
				minimumVersion = 11.0.0;
			};
		};
/* End XCRemoteSwiftPackageReference section */

/* Begin XCSwiftPackageProductDependency section */
		D829B7162E1367080055B789 /* GoogleSignIn */ = {
			isa = XCSwiftPackageProductDependency;
			package = D829B7152E1367080055B789 /* XCRemoteSwiftPackageReference "GoogleSignIn-iOS" */;
			productName = GoogleSignIn;
		};
		D829B7182E1367080055B789 /* GoogleSignInSwift */ = {
			isa = XCSwiftPackageProductDependency;
			package = D829B7152E1367080055B789 /* XCRemoteSwiftPackageReference "GoogleSignIn-iOS" */;
			productName = GoogleSignInSwift;
		};
		D8C8D4272E1293A800E6714F /* FirebaseAuth */ = {
			isa = XCSwiftPackageProductDependency;
			package = D8C8D4262E1293A800E6714F /* XCRemoteSwiftPackageReference "firebase-ios-sdk" */;
			productName = FirebaseAuth;
		};
		D8C8D4292E1293A800E6714F /* FirebaseCore */ = {
			isa = XCSwiftPackageProductDependency;
			package = D8C8D4262E1293A800E6714F /* XCRemoteSwiftPackageReference "firebase-ios-sdk" */;
			productName = FirebaseCore;
		};
		D8C8D42B2E1293A800E6714F /* FirebaseFirestore */ = {
			isa = XCSwiftPackageProductDependency;
			package = D8C8D4262E1293A800E6714F /* XCRemoteSwiftPackageReference "firebase-ios-sdk" */;
			productName = FirebaseFirestore;
		};
		D8C8D42D2E1293A800E6714F /* FirebaseStorage */ = {
			isa = XCSwiftPackageProductDependency;
			package = D8C8D4262E1293A800E6714F /* XCRemoteSwiftPackageReference "firebase-ios-sdk" */;
			productName = FirebaseStorage;
		};
		D8FCA8A42E19C89F00736B49 /* MapboxMaps */ = {
			isa = XCSwiftPackageProductDependency;
			package = D8FCA8A32E19C89F00736B49 /* XCRemoteSwiftPackageReference "mapbox-maps-ios" */;
			productName = MapboxMaps;
		};
/* End XCSwiftPackageProductDependency section */
	};
	rootObject = D88DB52C2E0CBA47009FC991 /* Project object */;
}
